{
  "name": "boxoffice-platform",
  "version": "1.7.0",
  "lockfileVersion": 3,
  "requires": true,
  "packages": {
    "": {
      "name": "boxoffice-platform",
      "version": "1.7.0",
      "workspaces": ["server"],
      "engines": {
        "node": ">=22"
      }
    },
    "node_modules/boxoffice-platform-api": {
      "resolved": "server",
      "link": true
    }
  }
}
